{
    "version": 3,
    "terraform_version": "0.11.10",
    "serial": 9,
    "lineage": "30f42c4f-33a5-c419-5f95-125ab36f883a",
    "modules": [
        {
            "path": [
                "root"
            ],
            "outputs": {
                "bubba": {
                    "sensitive": false,
                    "type": "string",
                    "value": "table6maapprg"
                },
                "more": {
                    "sensitive": false,
                    "type": "string",
                    "value": "beb2c06a-51f8-4458-993f-ea5f4145268b"
                },
                "vm_ip": {
                    "sensitive": false,
                    "type": "string",
                    "value": "104.211.218.71"
                }
            },
            "resources": {
                "azurerm_network_interface.mynic": {
                    "type": "azurerm_network_interface",
                    "depends_on": [
                        "azurerm_network_security_group.secgroup",
                        "azurerm_public_ip.myip",
                        "azurerm_subnet.mysub"
                    ],
                    "primary": {
                        "id": "/subscriptions/0ab9ad2e-f316-4da5-b243-e7f65da24755/resourceGroups/table6maapprg/providers/Microsoft.Network/networkInterfaces/mynic",
                        "attributes": {
                            "applied_dns_servers.#": "0",
                            "dns_servers.#": "0",
                            "enable_accelerated_networking": "false",
                            "enable_ip_forwarding": "false",
                            "id": "/subscriptions/0ab9ad2e-f316-4da5-b243-e7f65da24755/resourceGroups/table6maapprg/providers/Microsoft.Network/networkInterfaces/mynic",
                            "internal_dns_name_label": "",
                            "internal_fqdn": "",
                            "ip_configuration.#": "1",
                            "ip_configuration.0.application_gateway_backend_address_pools_ids.#": "0",
                            "ip_configuration.0.application_security_group_ids.#": "0",
                            "ip_configuration.0.load_balancer_backend_address_pools_ids.#": "0",
                            "ip_configuration.0.load_balancer_inbound_nat_rules_ids.#": "0",
                            "ip_configuration.0.name": "mynicipconfig",
                            "ip_configuration.0.primary": "true",
                            "ip_configuration.0.private_ip_address": "",
                            "ip_configuration.0.private_ip_address_allocation": "dynamic",
                            "ip_configuration.0.public_ip_address_id": "/subscriptions/0ab9ad2e-f316-4da5-b243-e7f65da24755/resourceGroups/table6maapprg/providers/Microsoft.Network/publicIPAddresses/table6mapublicip",
                            "ip_configuration.0.subnet_id": "/subscriptions/0ab9ad2e-f316-4da5-b243-e7f65da24755/resourceGroups/table6maapprg/providers/Microsoft.Network/virtualNetworks/myvnet/subnets/mysubnet",
                            "location": "southindia",
                            "mac_address": "",
                            "name": "mynic",
                            "network_security_group_id": "/subscriptions/0ab9ad2e-f316-4da5-b243-e7f65da24755/resourceGroups/table6maapprg/providers/Microsoft.Network/networkSecurityGroups/table6masecgroup",
                            "private_ip_address": "10.0.1.4",
                            "private_ip_addresses.#": "1",
                            "private_ip_addresses.0": "10.0.1.4",
                            "resource_group_name": "table6maapprg",
                            "tags.%": "0"
                        },
                        "meta": {},
                        "tainted": false
                    },
                    "deposed": [],
                    "provider": "provider.azurerm"
                },
                "azurerm_network_security_group.secgroup": {
                    "type": "azurerm_network_security_group",
                    "depends_on": [
                        "azurerm_resource_group.thegroup"
                    ],
                    "primary": {
                        "id": "/subscriptions/0ab9ad2e-f316-4da5-b243-e7f65da24755/resourceGroups/table6maapprg/providers/Microsoft.Network/networkSecurityGroups/table6masecgroup",
                        "attributes": {
                            "id": "/subscriptions/0ab9ad2e-f316-4da5-b243-e7f65da24755/resourceGroups/table6maapprg/providers/Microsoft.Network/networkSecurityGroups/table6masecgroup",
                            "location": "southindia",
                            "name": "table6masecgroup",
                            "resource_group_name": "table6maapprg",
                            "security_rule.#": "1",
                            "security_rule.1729925642.access": "Allow",
                            "security_rule.1729925642.description": "",
                            "security_rule.1729925642.destination_address_prefix": "*",
                            "security_rule.1729925642.destination_address_prefixes.#": "0",
                            "security_rule.1729925642.destination_application_security_group_ids.#": "0",
                            "security_rule.1729925642.destination_port_range": "22",
                            "security_rule.1729925642.destination_port_ranges.#": "0",
                            "security_rule.1729925642.direction": "Inbound",
                            "security_rule.1729925642.name": "SSH",
                            "security_rule.1729925642.priority": "100",
                            "security_rule.1729925642.protocol": "Tcp",
                            "security_rule.1729925642.source_address_prefix": "*",
                            "security_rule.1729925642.source_address_prefixes.#": "0",
                            "security_rule.1729925642.source_application_security_group_ids.#": "0",
                            "security_rule.1729925642.source_port_range": "*",
                            "security_rule.1729925642.source_port_ranges.#": "0",
                            "tags.%": "1",
                            "tags.environment": "Testing"
                        },
                        "meta": {},
                        "tainted": false
                    },
                    "deposed": [],
                    "provider": "provider.azurerm"
                },
                "azurerm_public_ip.myip": {
                    "type": "azurerm_public_ip",
                    "depends_on": [
                        "azurerm_resource_group.thegroup"
                    ],
                    "primary": {
                        "id": "/subscriptions/0ab9ad2e-f316-4da5-b243-e7f65da24755/resourceGroups/table6maapprg/providers/Microsoft.Network/publicIPAddresses/table6mapublicip",
                        "attributes": {
                            "id": "/subscriptions/0ab9ad2e-f316-4da5-b243-e7f65da24755/resourceGroups/table6maapprg/providers/Microsoft.Network/publicIPAddresses/table6mapublicip",
                            "idle_timeout_in_minutes": "4",
                            "ip_address": "104.211.218.71",
                            "ip_version": "ipv4",
                            "location": "southindia",
                            "name": "table6mapublicip",
                            "public_ip_address_allocation": "static",
                            "resource_group_name": "table6maapprg",
                            "sku": "Basic",
                            "tags.%": "1",
                            "tags.environment": "Testing",
                            "zones.#": "0"
                        },
                        "meta": {},
                        "tainted": false
                    },
                    "deposed": [],
                    "provider": "provider.azurerm"
                },
                "azurerm_resource_group.thegroup": {
                    "type": "azurerm_resource_group",
                    "depends_on": [],
                    "primary": {
                        "id": "/subscriptions/0ab9ad2e-f316-4da5-b243-e7f65da24755/resourceGroups/table6maapprg",
                        "attributes": {
                            "id": "/subscriptions/0ab9ad2e-f316-4da5-b243-e7f65da24755/resourceGroups/table6maapprg",
                            "location": "southindia",
                            "name": "table6maapprg",
                            "tags.%": "0"
                        },
                        "meta": {},
                        "tainted": false
                    },
                    "deposed": [],
                    "provider": "provider.azurerm"
                },
                "azurerm_storage_account.mystorage": {
                    "type": "azurerm_storage_account",
                    "depends_on": [
                        "azurerm_resource_group.thegroup",
                        "random_id.randomid"
                    ],
                    "primary": {
                        "id": "/subscriptions/0ab9ad2e-f316-4da5-b243-e7f65da24755/resourceGroups/table6maapprg/providers/Microsoft.Storage/storageAccounts/diag28ee2cec6b1e11e3",
                        "attributes": {
                            "access_tier": "",
                            "account_encryption_source": "Microsoft.Storage",
                            "account_kind": "Storage",
                            "account_replication_type": "LRS",
                            "account_tier": "Standard",
                            "account_type": "Standard_LRS",
                            "enable_blob_encryption": "true",
                            "enable_file_encryption": "true",
                            "enable_https_traffic_only": "false",
                            "id": "/subscriptions/0ab9ad2e-f316-4da5-b243-e7f65da24755/resourceGroups/table6maapprg/providers/Microsoft.Storage/storageAccounts/diag28ee2cec6b1e11e3",
                            "identity.#": "0",
                            "location": "southindia",
                            "name": "diag28ee2cec6b1e11e3",
                            "network_rules.#": "0",
                            "primary_access_key": "BStWVpe4iopRV/gHbE5iFRQ5u1kHEJnWPmoz3hqrLxtQkoY7qqEyg1hTrGRRNd0CG5hrbBFgX+Wr2XkpNScNMA==",
                            "primary_blob_connection_string": "DefaultEndpointsProtocol=https;BlobEndpoint=https://diag28ee2cec6b1e11e3.blob.core.windows.net/;AccountName=diag28ee2cec6b1e11e3;AccountKey=BStWVpe4iopRV/gHbE5iFRQ5u1kHEJnWPmoz3hqrLxtQkoY7qqEyg1hTrGRRNd0CG5hrbBFgX+Wr2XkpNScNMA==",
                            "primary_blob_endpoint": "https://diag28ee2cec6b1e11e3.blob.core.windows.net/",
                            "primary_connection_string": "DefaultEndpointsProtocol=https;AccountName=diag28ee2cec6b1e11e3;AccountKey=BStWVpe4iopRV/gHbE5iFRQ5u1kHEJnWPmoz3hqrLxtQkoY7qqEyg1hTrGRRNd0CG5hrbBFgX+Wr2XkpNScNMA==;EndpointSuffix=core.windows.net",
                            "primary_file_endpoint": "https://diag28ee2cec6b1e11e3.file.core.windows.net/",
                            "primary_location": "southindia",
                            "primary_queue_endpoint": "https://diag28ee2cec6b1e11e3.queue.core.windows.net/",
                            "primary_table_endpoint": "https://diag28ee2cec6b1e11e3.table.core.windows.net/",
                            "resource_group_name": "table6maapprg",
                            "secondary_access_key": "cMqoEgj3UZ2uePwuEhbu4m6KyTwCOYl30fZGSbZHmRzNfUMiq7KWITqsuZkwBrsSqX/aSSZBZo1ghRkjlp5bAg==",
                            "secondary_connection_string": "DefaultEndpointsProtocol=https;AccountName=diag28ee2cec6b1e11e3;AccountKey=cMqoEgj3UZ2uePwuEhbu4m6KyTwCOYl30fZGSbZHmRzNfUMiq7KWITqsuZkwBrsSqX/aSSZBZo1ghRkjlp5bAg==;EndpointSuffix=core.windows.net",
                            "secondary_location": "",
                            "tags.%": "1",
                            "tags.environment": "Testing"
                        },
                        "meta": {
                            "schema_version": "2"
                        },
                        "tainted": false
                    },
                    "deposed": [],
                    "provider": "provider.azurerm"
                },
                "azurerm_subnet.mysub": {
                    "type": "azurerm_subnet",
                    "depends_on": [
                        "azurerm_resource_group.thegroup",
                        "azurerm_virtual_network.mynet"
                    ],
                    "primary": {
                        "id": "/subscriptions/0ab9ad2e-f316-4da5-b243-e7f65da24755/resourceGroups/table6maapprg/providers/Microsoft.Network/virtualNetworks/myvnet/subnets/mysubnet",
                        "attributes": {
                            "address_prefix": "10.0.1.0/24",
                            "id": "/subscriptions/0ab9ad2e-f316-4da5-b243-e7f65da24755/resourceGroups/table6maapprg/providers/Microsoft.Network/virtualNetworks/myvnet/subnets/mysubnet",
                            "ip_configurations.#": "1",
                            "ip_configurations.988754991": "/subscriptions/0ab9ad2e-f316-4da5-b243-e7f65da24755/resourceGroups/table6maapprg/providers/Microsoft.Network/networkInterfaces/mynic/ipConfigurations/mynicipconfig",
                            "name": "mysubnet",
                            "resource_group_name": "table6maapprg",
                            "route_table_id": "",
                            "service_endpoints.#": "0",
                            "virtual_network_name": "myvnet"
                        },
                        "meta": {},
                        "tainted": false
                    },
                    "deposed": [],
                    "provider": "provider.azurerm"
                },
                "azurerm_virtual_machine.thevm": {
                    "type": "azurerm_virtual_machine",
                    "depends_on": [
                        "azurerm_network_interface.mynic",
                        "azurerm_storage_account.mystorage"
                    ],
                    "primary": {
                        "id": "/subscriptions/0ab9ad2e-f316-4da5-b243-e7f65da24755/resourceGroups/table6maapprg/providers/Microsoft.Compute/virtualMachines/table6mavm",
                        "attributes": {
                            "boot_diagnostics.#": "1",
                            "boot_diagnostics.0.enabled": "true",
                            "boot_diagnostics.0.storage_uri": "https://diag28ee2cec6b1e11e3.blob.core.windows.net/",
                            "delete_data_disks_on_termination": "false",
                            "delete_os_disk_on_termination": "false",
                            "id": "/subscriptions/0ab9ad2e-f316-4da5-b243-e7f65da24755/resourceGroups/table6maapprg/providers/Microsoft.Compute/virtualMachines/table6mavm",
                            "identity.#": "0",
                            "location": "southindia",
                            "name": "table6mavm",
                            "network_interface_ids.#": "1",
                            "network_interface_ids.0": "/subscriptions/0ab9ad2e-f316-4da5-b243-e7f65da24755/resourceGroups/table6maapprg/providers/Microsoft.Network/networkInterfaces/mynic",
                            "os_profile.#": "1",
                            "os_profile.2166396448.admin_password": "",
                            "os_profile.2166396448.admin_username": "azureops",
                            "os_profile.2166396448.computer_name": "table7mavm",
                            "os_profile.2166396448.custom_data": "",
                            "os_profile_linux_config.#": "1",
                            "os_profile_linux_config.69840937.disable_password_authentication": "true",
                            "os_profile_linux_config.69840937.ssh_keys.#": "1",
                            "os_profile_linux_config.69840937.ssh_keys.0.key_data": "ssh-rsa AAAAB3NzaC1yc2EAAAADAQABAAABAQDd1lUvnGGllu6GPD/nsJN5vdIt8oIpQ6mAhxukrG9h5UUcNAd3SyBcPps/nzHVBzWfvqBu3Q2/aN1Sdc7i3InUuC+o4bicle/SGegtfLKwWa6tiY8/qZ22xfFMRvwN63NKL/f9AqiEOGZBxc5oVT5vZj29EIJSzxHsbS5ubhfh2S3+MurVqgQdcVQwGREOi28XNovozYrh3ytUAkXzWbFDcytiKJC/lGXYCjizRRxiRcVRPGlKXJBD5mQ85gfwyysnYhSlACLvJjJu2rBcZJCOAVeREsPp0CVbU9RQxd+yqqBre6c4Xyks6N662oweXTYM05sopmLFWbfgpbawLL3d azureops@table6madevopsvm\n",
                            "os_profile_linux_config.69840937.ssh_keys.0.path": "/home/azureops/.ssh/authorized_keys",
                            "os_profile_secrets.#": "0",
                            "resource_group_name": "table6maapprg",
                            "storage_data_disk.#": "0",
                            "storage_image_reference.#": "1",
                            "storage_image_reference.1458860473.id": "",
                            "storage_image_reference.1458860473.offer": "UbuntuServer",
                            "storage_image_reference.1458860473.publisher": "Canonical",
                            "storage_image_reference.1458860473.sku": "16.04-LTS",
                            "storage_image_reference.1458860473.version": "latest",
                            "storage_os_disk.#": "1",
                            "storage_os_disk.0.caching": "ReadWrite",
                            "storage_os_disk.0.create_option": "FromImage",
                            "storage_os_disk.0.disk_size_gb": "30",
                            "storage_os_disk.0.image_uri": "",
                            "storage_os_disk.0.managed_disk_id": "/subscriptions/0ab9ad2e-f316-4da5-b243-e7f65da24755/resourceGroups/table6maapprg/providers/Microsoft.Compute/disks/theosdisk",
                            "storage_os_disk.0.managed_disk_type": "Premium_LRS",
                            "storage_os_disk.0.name": "theosdisk",
                            "storage_os_disk.0.os_type": "Linux",
                            "storage_os_disk.0.vhd_uri": "",
                            "storage_os_disk.0.write_accelerator_enabled": "false",
                            "tags.%": "1",
                            "tags.environment": "Testing",
                            "vm_size": "Standard_DS1_v2",
                            "zones.#": "0"
                        },
                        "meta": {},
                        "tainted": false
                    },
                    "deposed": [],
                    "provider": "provider.azurerm"
                },
                "azurerm_virtual_network.mynet": {
                    "type": "azurerm_virtual_network",
                    "depends_on": [
                        "azurerm_resource_group.thegroup"
                    ],
                    "primary": {
                        "id": "/subscriptions/0ab9ad2e-f316-4da5-b243-e7f65da24755/resourceGroups/table6maapprg/providers/Microsoft.Network/virtualNetworks/myvnet",
                        "attributes": {
                            "address_space.#": "1",
                            "address_space.0": "10.0.0.0/16",
                            "dns_servers.#": "0",
                            "id": "/subscriptions/0ab9ad2e-f316-4da5-b243-e7f65da24755/resourceGroups/table6maapprg/providers/Microsoft.Network/virtualNetworks/myvnet",
                            "location": "southindia",
                            "name": "myvnet",
                            "resource_group_name": "table6maapprg",
                            "subnet.#": "1",
                            "subnet.3556314000.address_prefix": "10.0.1.0/24",
                            "subnet.3556314000.id": "/subscriptions/0ab9ad2e-f316-4da5-b243-e7f65da24755/resourceGroups/table6maapprg/providers/Microsoft.Network/virtualNetworks/myvnet/subnets/mysubnet",
                            "subnet.3556314000.name": "mysubnet",
                            "subnet.3556314000.security_group": "",
                            "tags.%": "1",
                            "tags.environment": "Testing"
                        },
                        "meta": {},
                        "tainted": false
                    },
                    "deposed": [],
                    "provider": "provider.azurerm"
                },
                "random_id.randomid": {
                    "type": "random_id",
                    "depends_on": [
                        "azurerm_resource_group.thegroup"
                    ],
                    "primary": {
                        "id": "KO4s7GseEeM",
                        "attributes": {
                            "b64": "KO4s7GseEeM",
                            "b64_std": "KO4s7GseEeM=",
                            "b64_url": "KO4s7GseEeM",
                            "byte_length": "8",
                            "dec": "2949344199895290339",
                            "hex": "28ee2cec6b1e11e3",
                            "id": "KO4s7GseEeM",
                            "keepers.%": "1",
                            "keepers.resource_group": "table6maapprg"
                        },
                        "meta": {},
                        "tainted": false
                    },
                    "deposed": [],
                    "provider": "provider.random"
                }
            },
            "depends_on": []
        }
    ]
}
